{
    "_meta": {
        "hash": {
            "sha256": "9c405fc9452d25c0026010196dff3ddf99d71fa0843452a0ea6b866bce393968"
        },
        "pipfile-spec": 6,
        "requires": {
            "python_version": "3.6"
        },
        "sources": [
            {
                "name": "pypi",
                "url": "https://pypi.org/simple",
                "verify_ssl": true
            }
        ]
    },
    "default": {
        "absl-py": {
            "hashes": [
                "sha256:62bd4e248ddb19d81aec8f9446b407ff37c8175c2ba88266a7afa9b4ce4a333b",
                "sha256:6953272383486044699fd0e9f00aad167a27e08ce19aae66c6c4b10e7e767793"
            ],
            "version": "==0.13.0"
        },
        "certifi": {
            "hashes": [
                "sha256:2bbf76fd432960138b3ef6dda3dde0544f27cbf8546c458e60baf371917ba9ee",
                "sha256:50b1e4f8446b06f41be7dd6338db18e0990601dce795c2b1686458aa7e8fa7d8"
            ],
            "version": "==2021.5.30"
        },
        "chardet": {
            "hashes": [
                "sha256:0d6f53a15db4120f2b08c94f11e7d93d2c911ee118b6b30a04ec3ee8310179fa",
                "sha256:f864054d66fd9118f2e67044ac8981a54775ec5b67aed0441892edb553d21da5"
            ],
            "markers": "python_version >= '2.7' and python_version not in '3.0, 3.1, 3.2, 3.3, 3.4'",
            "version": "==4.0.0"
        },
        "cycler": {
            "hashes": [
                "sha256:1d8a5ae1ff6c5cf9b93e8811e581232ad8920aeec647c37316ceac982b08cb2d",
                "sha256:cd7b2d1018258d7247a71425e9f26463dfb444d411c39569972f4ce586b0c9d8"
            ],
            "version": "==0.10.0"
        },
        "enum34": {
            "hashes": [
                "sha256:a98a201d6de3f2ab3db284e70a33b0f896fbf35f8086594e8c9e74b909058d53",
                "sha256:c3858660960c984d6ab0ebad691265180da2b43f07e061c0f8dca9ef3cffd328",
                "sha256:cce6a7477ed816bd2542d03d53db9f0db935dd013b70f336a95c73979289f248"
            ],
            "version": "==1.1.10"
        },
        "future": {
            "hashes": [
                "sha256:b1bead90b70cf6ec3f0710ae53a525360fa360d306a86583adc6bf83a4db537d"
            ],
            "markers": "python_version >= '2.6' and python_version not in '3.0, 3.1, 3.2, 3.3'",
            "version": "==0.18.2"
        },
        "graphviz": {
            "hashes": [
                "sha256:0e1744a45b0d707bc44f99c7b8e5f25dc22cf96b6aaf2432ac308ed9822a9cb6",
                "sha256:d311be4fddfe832a56986ac5e1d6e8715d7fcb0208560da79d1bb0f72abef41f"
            ],
            "index": "pypi",
            "version": "==0.10.1"
        },
        "idna": {
            "hashes": [
                "sha256:b307872f855b18632ce0c21c5e45be78c0ea7ae4c15c828c20788b26921eb3f6",
                "sha256:b97d804b1e9b523befed77c48dacec60e6dcb0b5391d57af6a65a312a90648c0"
            ],
            "markers": "python_version >= '2.7' and python_version not in '3.0, 3.1, 3.2, 3.3'",
            "version": "==2.10"
        },
        "kiwisolver": {
            "hashes": [
                "sha256:0cd53f403202159b44528498de18f9285b04482bab2a6fc3f5dd8dbb9352e30d",
                "sha256:1e1bc12fb773a7b2ffdeb8380609f4f8064777877b2225dec3da711b421fda31",
                "sha256:225e2e18f271e0ed8157d7f4518ffbf99b9450fca398d561eb5c4a87d0986dd9",
                "sha256:232c9e11fd7ac3a470d65cd67e4359eee155ec57e822e5220322d7b2ac84fbf0",
                "sha256:31dfd2ac56edc0ff9ac295193eeaea1c0c923c0355bf948fbd99ed6018010b72",
                "sha256:33449715e0101e4d34f64990352bce4095c8bf13bed1b390773fc0a7295967b3",
                "sha256:401a2e9afa8588589775fe34fc22d918ae839aaaf0c0e96441c0fdbce6d8ebe6",
                "sha256:44a62e24d9b01ba94ae7a4a6c3fb215dc4af1dde817e7498d901e229aaf50e4e",
                "sha256:50af681a36b2a1dee1d3c169ade9fdc59207d3c31e522519181e12f1b3ba7000",
                "sha256:563c649cfdef27d081c84e72a03b48ea9408c16657500c312575ae9d9f7bc1c3",
                "sha256:5989db3b3b34b76c09253deeaf7fbc2707616f130e166996606c284395da3f18",
                "sha256:5a7a7dbff17e66fac9142ae2ecafb719393aaee6a3768c9de2fd425c63b53e21",
                "sha256:5c3e6455341008a054cccee8c5d24481bcfe1acdbc9add30aa95798e95c65621",
                "sha256:5f6ccd3dd0b9739edcf407514016108e2280769c73a85b9e59aa390046dbf08b",
                "sha256:72c99e39d005b793fb7d3d4e660aed6b6281b502e8c1eaf8ee8346023c8e03bc",
                "sha256:78751b33595f7f9511952e7e60ce858c6d64db2e062afb325985ddbd34b5c131",
                "sha256:834ee27348c4aefc20b479335fd422a2c69db55f7d9ab61721ac8cd83eb78882",
                "sha256:8be8d84b7d4f2ba4ffff3665bcd0211318aa632395a1a41553250484a871d454",
                "sha256:950a199911a8d94683a6b10321f9345d5a3a8433ec58b217ace979e18f16e248",
                "sha256:a357fd4f15ee49b4a98b44ec23a34a95f1e00292a139d6015c11f55774ef10de",
                "sha256:a53d27d0c2a0ebd07e395e56a1fbdf75ffedc4a05943daf472af163413ce9598",
                "sha256:acef3d59d47dd85ecf909c359d0fd2c81ed33bdff70216d3956b463e12c38a54",
                "sha256:b38694dcdac990a743aa654037ff1188c7a9801ac3ccc548d3341014bc5ca278",
                "sha256:b9edd0110a77fc321ab090aaa1cfcaba1d8499850a12848b81be2222eab648f6",
                "sha256:c08e95114951dc2090c4a630c2385bef681cacf12636fb0241accdc6b303fd81",
                "sha256:c5518d51a0735b1e6cee1fdce66359f8d2b59c3ca85dc2b0813a8aa86818a030",
                "sha256:c8fd0f1ae9d92b42854b2979024d7597685ce4ada367172ed7c09edf2cef9cb8",
                "sha256:ca3820eb7f7faf7f0aa88de0e54681bddcb46e485beb844fcecbcd1c8bd01689",
                "sha256:cf8b574c7b9aa060c62116d4181f3a1a4e821b2ec5cbfe3775809474113748d4",
                "sha256:d3155d828dec1d43283bd24d3d3e0d9c7c350cdfcc0bd06c0ad1209c1bbc36d0",
                "sha256:f8d6f8db88049a699817fd9178782867bf22283e3813064302ac59f61d95be05",
                "sha256:fd34fbbfbc40628200730bc1febe30631347103fc8d3d4fa012c21ab9c11eca9"
            ],
            "markers": "python_version >= '3.6'",
            "version": "==1.3.1"
        },
        "matplotlib": {
            "hashes": [
                "sha256:16aa61846efddf91df623bbb4598e63be1068a6b6a2e6361cc802b41c7a286eb",
                "sha256:1975b71a33ac986bb39b6d5cfbc15c7b1f218f1134efb4eb3881839d6ae69984",
                "sha256:2b222744bd54781e6cc0b717fa35a54e5f176ba2ced337f27c5b435b334ef854",
                "sha256:317643c0e88fad55414347216362b2e229c130edd5655fea5f8159a803098468",
                "sha256:4269ce3d1b897d46fc3cc2273a0cc2a730345bb47e4456af662e6fca85c89dd7",
                "sha256:65214fd668975077cdf8d408ccf2b2d6bdf73b4e6895a79f8e99ce4f0b43fcdb",
                "sha256:74bc213ab8a92d86a0b304d9359d1e1d14168d4c6121b83862c9d8a88b89a738",
                "sha256:88949be0db54755995dfb0210d0099a8712a3c696c860441971354c3debfc4af",
                "sha256:8e1223d868be89423ec95ada5f37aa408ee64fe76ccb8e4d5f533699ba4c0e4a",
                "sha256:9fa00f2d7a552a95fa6016e498fdeb6d74df537853dda79a9055c53dfc8b6e1a",
                "sha256:c27fd46cab905097ba4bc28d5ba5289930f313fb1970c9d41092c9975b80e9b4",
                "sha256:c94b792af431f6adb6859eb218137acd9a35f4f7442cea57e4a59c54751c36af",
                "sha256:f4c12a01eb2dc16693887a874ba948b18c92f425c4d329639ece6d3bb8e631bb"
            ],
            "index": "pypi",
            "version": "==3.0.2"
        },
        "mock": {
            "hashes": [
                "sha256:122fcb64ee37cfad5b3f48d7a7d51875d7031aaf3d8be7c42e2bee25044eee62",
                "sha256:7d3fbbde18228f4ff2f1f119a45cdffa458b4c0dee32eb4d2bb2f82554bac7bc"
            ],
            "markers": "python_version >= '3.6'",
            "version": "==4.0.3"
        },
        "mpyq": {
            "hashes": [
                "sha256:30aaf5962be569f3f2b53978060cd047434ee4f5a215925dd6ff0fef04ec0007"
            ],
            "version": "==0.2.5"
        },
        "neat-python": {
            "hashes": [
                "sha256:be722a62d053b39fe960228e3e0baffdebe73074133ce40bbd35de650ca53a0f",
                "sha256:c69f3748032cc9653b902f0cca05983b79f5288c67aed747aa47279161117059"
            ],
            "index": "pypi",
            "version": "==0.92"
        },
        "numpy": {
            "hashes": [
                "sha256:012426a41bc9ab63bb158635aecccc7610e3eff5d31d1eb43bc099debc979d94",
                "sha256:06fab248a088e439402141ea04f0fffb203723148f6ee791e9c75b3e9e82f080",
                "sha256:0eef32ca3132a48e43f6a0f5a82cb508f22ce5a3d6f67a8329c81c8e226d3f6e",
                "sha256:1ded4fce9cfaaf24e7a0ab51b7a87be9038ea1ace7f34b841fe3b6894c721d1c",
                "sha256:2e55195bc1c6b705bfd8ad6f288b38b11b1af32f3c8289d6c50d47f950c12e76",
                "sha256:2ea52bd92ab9f768cc64a4c3ef8f4b2580a17af0a5436f6126b08efbd1838371",
                "sha256:36674959eed6957e61f11c912f71e78857a8d0604171dfd9ce9ad5cbf41c511c",
                "sha256:384ec0463d1c2671170901994aeb6dce126de0a95ccc3976c43b0038a37329c2",
                "sha256:39b70c19ec771805081578cc936bbe95336798b7edf4732ed102e7a43ec5c07a",
                "sha256:400580cbd3cff6ffa6293df2278c75aef2d58d8d93d3c5614cd67981dae68ceb",
                "sha256:43d4c81d5ffdff6bae58d66a3cd7f54a7acd9a0e7b18d97abb255defc09e3140",
                "sha256:50a4a0ad0111cc1b71fa32dedd05fa239f7fb5a43a40663269bb5dc7877cfd28",
                "sha256:603aa0706be710eea8884af807b1b3bc9fb2e49b9f4da439e76000f3b3c6ff0f",
                "sha256:6149a185cece5ee78d1d196938b2a8f9d09f5a5ebfbba66969302a778d5ddd1d",
                "sha256:759e4095edc3c1b3ac031f34d9459fa781777a93ccc633a472a5468587a190ff",
                "sha256:7fb43004bce0ca31d8f13a6eb5e943fa73371381e53f7074ed21a4cb786c32f8",
                "sha256:811daee36a58dc79cf3d8bdd4a490e4277d0e4b7d103a001a4e73ddb48e7e6aa",
                "sha256:8b5e972b43c8fc27d56550b4120fe6257fdc15f9301914380b27f74856299fea",
                "sha256:99abf4f353c3d1a0c7a5f27699482c987cf663b1eac20db59b8c7b061eabd7fc",
                "sha256:a0d53e51a6cb6f0d9082decb7a4cb6dfb33055308c4c44f53103c073f649af73",
                "sha256:a12ff4c8ddfee61f90a1633a4c4afd3f7bcb32b11c52026c92a12e1325922d0d",
                "sha256:a4646724fba402aa7504cd48b4b50e783296b5e10a524c7a6da62e4a8ac9698d",
                "sha256:a76f502430dd98d7546e1ea2250a7360c065a5fdea52b2dffe8ae7180909b6f4",
                "sha256:a9d17f2be3b427fbb2bce61e596cf555d6f8a56c222bd2ca148baeeb5e5c783c",
                "sha256:ab83f24d5c52d60dbc8cd0528759532736b56db58adaa7b5f1f76ad551416a1e",
                "sha256:aeb9ed923be74e659984e321f609b9ba54a48354bfd168d21a2b072ed1e833ea",
                "sha256:c843b3f50d1ab7361ca4f0b3639bf691569493a56808a0b0c54a051d260b7dbd",
                "sha256:cae865b1cae1ec2663d8ea56ef6ff185bad091a5e33ebbadd98de2cfa3fa668f",
                "sha256:cc6bd4fd593cb261332568485e20a0712883cf631f6f5e8e86a52caa8b2b50ff",
                "sha256:cf2402002d3d9f91c8b01e66fbb436a4ed01c6498fffed0e4c7566da1d40ee1e",
                "sha256:d051ec1c64b85ecc69531e1137bb9751c6830772ee5c1c426dbcfe98ef5788d7",
                "sha256:d6631f2e867676b13026e2846180e2c13c1e11289d67da08d71cacb2cd93d4aa",
                "sha256:dbd18bcf4889b720ba13a27ec2f2aac1981bd41203b3a3b27ba7a33f88ae4827",
                "sha256:df609c82f18c5b9f6cb97271f03315ff0dbe481a2a02e56aeb1b1a985ce38e60"
            ],
            "markers": "python_version >= '3.6'",
            "version": "==1.19.5"
        },
        "portpicker": {
            "hashes": [
                "sha256:c2831ff4328a21e928ffc9e52124bcafacaf5816d38a1a72dc329680dc1bb7ba",
                "sha256:fda2cd7bf93fffc54580a945584dc3f4897a37074c79a197fceed9566a06d1dd"
            ],
            "markers": "python_version >= '3.6'",
            "version": "==1.4.0"
        },
        "protobuf": {
            "hashes": [
                "sha256:13ee7be3c2d9a5d2b42a1030976f760f28755fcf5863c55b1460fd205e6cd637",
                "sha256:145ce0af55c4259ca74993ddab3479c78af064002ec8227beb3d944405123c71",
                "sha256:14c1c9377a7ffbeaccd4722ab0aa900091f52b516ad89c4b0c3bb0a4af903ba5",
                "sha256:1556a1049ccec58c7855a78d27e5c6e70e95103b32de9142bae0576e9200a1b0",
                "sha256:26010f693b675ff5a1d0e1bdb17689b8b716a18709113288fead438703d45539",
                "sha256:2ae692bb6d1992afb6b74348e7bb648a75bb0d3565a3f5eea5bec8f62bd06d87",
                "sha256:2bfb815216a9cd9faec52b16fd2bfa68437a44b67c56bee59bc3926522ecb04e",
                "sha256:4ffbd23640bb7403574f7aff8368e2aeb2ec9a5c6306580be48ac59a6bac8bde",
                "sha256:6902a1e4b7a319ec611a7345ff81b6b004b36b0d2196ce7a748b3493da3d226d",
                "sha256:6ce4d8bf0321e7b2d4395e253f8002a1a5ffbcfd7bcc0a6ba46712c07d47d0b4",
                "sha256:6d847c59963c03fd7a0cd7c488cadfa10cda4fff34d8bc8cba92935a91b7a037",
                "sha256:72804ea5eaa9c22a090d2803813e280fb273b62d5ae497aaf3553d141c4fdd7b",
                "sha256:7a4c97961e9e5b03a56f9a6c82742ed55375c4a25f2692b625d4087d02ed31b9",
                "sha256:8727ee027157516e2c311f218ebf2260a18088ffb2d29473e82add217d196b1c",
                "sha256:99938f2a2d7ca6563c0ade0c5ca8982264c484fdecf418bd68e880a7ab5730b1",
                "sha256:9b7a5c1022e0fa0dbde7fd03682d07d14624ad870ae52054849d8960f04bc764",
                "sha256:a22b3a0dbac6544dacbafd4c5f6a29e389a50e3b193e2c70dae6bbf7930f651d",
                "sha256:a981222367fb4210a10a929ad5983ae93bd5a050a0824fc35d6371c07b78caf6",
                "sha256:ab6bb0e270c6c58e7ff4345b3a803cc59dbee19ddf77a4719c5b635f1d547aa8",
                "sha256:c56c050a947186ba51de4f94ab441d7f04fcd44c56df6e922369cc2e1a92d683",
                "sha256:e76d9686e088fece2450dbc7ee905f9be904e427341d289acbe9ad00b78ebd47",
                "sha256:f0e59430ee953184a703a324b8ec52f571c6c4259d496a19d1cabcdc19dabc62",
                "sha256:ffea251f5cd3c0b9b43c7a7a912777e0bc86263436a87c2555242a348817221b"
            ],
            "version": "==3.17.3"
        },
        "pygame": {
            "hashes": [
                "sha256:0571dde0277483f5060c8ee43cbfd8df5776b12505e3948eee241c8ce9b93371",
                "sha256:07ed57062be4bb9741f57dab1751d95574c091c9958ed7e39cdb246d50903283",
                "sha256:107d5f82f471baee4b9522a691cb320dd52dbf329ed7a0e9ab25f75cd3caf890",
                "sha256:10ca736eecedadf492ba1191f9fa3a5e6f30db2b9f8882b3ee7706d5a89c14e0",
                "sha256:19357c826ab94f9ae5b4ec5cb752cc806cfc29ea32cf7bdaacb65fa2615607e8",
                "sha256:21475405bcdeb20b8a796a3da6704ebb816e06b29749dd64ff619e80816b7932",
                "sha256:2d9b0a66034fed390ee367a549435853502c9d4fe82ac0fa3a520f0ad5648e6e",
                "sha256:30eb5c7adb0b3362024cec2c461be6978fbfc99c3bca974e438b1b540cd09438",
                "sha256:3270cbcff40ca2b5622a145346298a33285c91b6d50097e0b85123d9a2bc7c9b",
                "sha256:328d70d40bc9a6defb9f330f5e7f3d0726af1e7c2308ebca582e69480db2950d",
                "sha256:3b31d088129977885f72037c55cfa1140e9bcf3468e68b46141f6cc2b33d456b",
                "sha256:3c2676b4fd278d632037eacd3b0524ce1a592c048e8e5eb5830475f83585cb3a",
                "sha256:44f3ff8224d7cb998642400371c685005c8316b55e87794cbf1f6407b88ec424",
                "sha256:49c2f58559c1fbf4ba258e4b141578ccb0e83da3d4f823894f6171a8f0d594ed",
                "sha256:4d3135a1f8c76c3fff1ef8b7a51e4c6523748e9bdbd7bca6daa69790ce0e798a",
                "sha256:4f41252dfa1e8bb95f2ea51fba710827dde9820a535623d002a65621bafe7e3f",
                "sha256:5aeeb6659a7fe7760a78e449566553ae8c949ae29dd907a8eb4171fa0a274c16",
                "sha256:5afc34f0af0cec09a20b6bb09090054fac5169ab01909e01b06e7e0752ab0153",
                "sha256:5f057e5aa4c383fcf18560dcae2c5593e37e3fc941083a0a00a17f7cf25ee522",
                "sha256:72625dc949c6d08ba7ce7c37a33163bb498d90ca0d7e626db3cfbf486df4db1d",
                "sha256:7ea518d8eeb072c77c16977cdee3c59d9fffa750ed9c7c9c533ba520b6b08af7",
                "sha256:81510ffb1c31a3827c6be047b1926d81caf36dc734564ca0e14903d6bce60c6f",
                "sha256:845385caf99f8d941607791c60e560d24b4a35c70eef0b01c30cfde0b913ff92",
                "sha256:898874521a9be1f9dbc5b036a9755803287c2664e335afd3e10963f7f4ccb853",
                "sha256:8b1e7b63f47aafcdd8849933b206778747ef1802bd3d526aca45ed77141e4001",
                "sha256:9aead3f2eed90260136b201f398965900c5335c974bb7b47c381d98e39284018",
                "sha256:9de559462aaa68c40bb7625dcd587584b4eb85c4208528dc97b9ee7254945294",
                "sha256:9f48277de1daa83fd58a722b2e3423201b5eb39842227f32702fb78e4bba5a71",
                "sha256:9fd0691c4fe58b932674bb6a91d2808790e8269c3183ef16052f13e1c602ac00",
                "sha256:a4e35d89b6754941e82df1ce980a1c370943d3c076938d94ed1e48165dd6a11b",
                "sha256:ad230911d61f448c09886d3c92b2eae44ca7530babe9c48e74e02a0622ce2d34",
                "sha256:b812285d23b5644c643a6ae30553a772f935f47f61826660b108b8727936384b",
                "sha256:bf833c853a0568738ee5d88e1345c17bf3e8db626c36fb895327a35bb1827b0b",
                "sha256:c188ce4bf1544f2758e8b651f4349a0f3dc441e09d8ab7c4863db1ae8f084a32",
                "sha256:d8059084ce54b2c3d7b2c8bacd5f6490db849b2d2d6e7368c160b08504c87e73",
                "sha256:e72cdc97a49509ca2298350c2c3a0ac26bc8e943ce003a7d245df42e91439d5d",
                "sha256:eab18df58dcc8512f1b694f7218146828d7e3dd3f4e73bfd6942a11810293fd5",
                "sha256:ece424c83a575c2e0ba25815871458d3bbade46d76b7997236fb51a0251229ab",
                "sha256:ed80b40da839d60f4c03915bb3638e3c96ea8c30e689d0cc309b7597d82cc217",
                "sha256:fd5ee0f42d59a290c049f91894e0739f62c2908e7edc028ffb847a105e68bfc3",
                "sha256:fd6acd09d2a0fd3f616b18f977f399ed3dd95e2d6754f115837f026d19d62e10"
            ],
            "version": "==2.0.1"
        },
        "pyparsing": {
            "hashes": [
                "sha256:c203ec8783bf771a155b207279b9bccb8dea02d8f0c9e5f8ead507bc3246ecc1",
                "sha256:ef9d7589ef3c200abe66653d3f1ab1033c3c419ae9b9bdb1240a85b024efc88b"
            ],
            "markers": "python_version >= '2.6' and python_version not in '3.0, 3.1, 3.2, 3.3'",
            "version": "==2.4.7"
        },
        "pysc2": {
            "hashes": [
                "sha256:6a2d7e771e44f39ce3cb00ecab5a5008addf474076a70e0a66fe987ee8486f0a",
                "sha256:8a390d0e41864011169f157fad760cff932d4b118e9bc20b9aa9856b77f34adf"
            ],
            "index": "pypi",
            "version": "==2.0.1"
        },
        "python-dateutil": {
            "hashes": [
                "sha256:73ebfe9dbf22e832286dafa60473e4cd239f8592f699aa5adaf10050e6e1823c",
                "sha256:75bb3f31ea686f1197762692a9ee6a7550b59fc6ca3a1f4b5d7e32fb98e2da2a"
            ],
            "markers": "python_version >= '2.7' and python_version not in '3.0, 3.1, 3.2, 3.3'",
            "version": "==2.8.1"
        },
        "requests": {
            "hashes": [
                "sha256:27973dd4a904a4f13b263a19c866c13b92a39ed1c964655f025f3f8d3d75b804",
                "sha256:c210084e36a42ae6b9219e00e48287def368a26d03a048ddad7bfee44f75871e"
            ],
            "markers": "python_version >= '2.7' and python_version not in '3.0, 3.1, 3.2, 3.3, 3.4'",
            "version": "==2.25.1"
        },
        "s2clientprotocol": {
            "hashes": [
                "sha256:43fb9b69d8b476f366d1de851b2d2f49baa85774517335d51e5df65c691e68cb"
            ],
            "version": "==5.0.7.84643.0"
        },
        "scipy": {
            "hashes": [
                "sha256:168c45c0c32e23f613db7c9e4e780bc61982d71dcd406ead746c7c7c2f2004ce",
                "sha256:213bc59191da2f479984ad4ec39406bf949a99aba70e9237b916ce7547b6ef42",
                "sha256:25b241034215247481f53355e05f9e25462682b13bd9191359075682adcd9554",
                "sha256:2c872de0c69ed20fb1a9b9cf6f77298b04a26f0b8720a5457be08be254366c6e",
                "sha256:3397c129b479846d7eaa18f999369a24322d008fac0782e7828fa567358c36ce",
                "sha256:368c0f69f93186309e1b4beb8e26d51dd6f5010b79264c0f1e9ca00cd92ea8c9",
                "sha256:3d5db5d815370c28d938cf9b0809dade4acf7aba57eaf7ef733bfedc9b2474c4",
                "sha256:4598cf03136067000855d6b44d7a1f4f46994164bcd450fb2c3d481afc25dd06",
                "sha256:4a453d5e5689de62e5d38edf40af3f17560bfd63c9c5bd228c18c1f99afa155b",
                "sha256:4f12d13ffbc16e988fa40809cbbd7a8b45bc05ff6ea0ba8e3e41f6f4db3a9e47",
                "sha256:634568a3018bc16a83cda28d4f7aed0d803dd5618facb36e977e53b2df868443",
                "sha256:65923bc3809524e46fb7eb4d6346552cbb6a1ffc41be748535aa502a2e3d3389",
                "sha256:6b0ceb23560f46dd236a8ad4378fc40bad1783e997604ba845e131d6c680963e",
                "sha256:8c8d6ca19c8497344b810b0b0344f8375af5f6bb9c98bd42e33f747417ab3f57",
                "sha256:9ad4fcddcbf5dc67619379782e6aeef41218a79e17979aaed01ed099876c0e62",
                "sha256:a254b98dbcc744c723a838c03b74a8a34c0558c9ac5c86d5561703362231107d",
                "sha256:b03c4338d6d3d299e8ca494194c0ae4f611548da59e3c038813f1a43976cb437",
                "sha256:cc1f78ebc982cd0602c9a7615d878396bec94908db67d4ecddca864d049112f2",
                "sha256:d6d25c41a009e3c6b7e757338948d0076ee1dd1770d1c09ec131f11946883c54",
                "sha256:d84cadd7d7998433334c99fa55bcba0d8b4aeff0edb123b2a1dfcface538e474",
                "sha256:e360cb2299028d0b0d0f65a5c5e51fc16a335f1603aa2357c25766c8dab56938",
                "sha256:e98d49a5717369d8241d6cf33ecb0ca72deee392414118198a8e5b4c35c56340",
                "sha256:ed572470af2438b526ea574ff8f05e7f39b44ac37f712105e57fc4d53a6fb660",
                "sha256:f87b39f4d69cf7d7529d7b1098cb712033b17ea7714aed831b95628f483fd012",
                "sha256:fa789583fc94a7689b45834453fec095245c7e69c58561dc159b5d5277057e4c"
            ],
            "markers": "python_version >= '3.6'",
            "version": "==1.5.4"
        },
        "six": {
            "hashes": [
                "sha256:1e61c37477a1626458e36f7b1d82aa5c9b094fa4802892072e49de9c60c4c926",
                "sha256:8abb2f1d86890a2dfb989f9a77cfcfd3e47c2a354b01111771326f8aa26e0254"
            ],
            "markers": "python_version >= '2.7' and python_version not in '3.0, 3.1, 3.2, 3.3'",
            "version": "==1.16.0"
        },
        "sk-video": {
            "hashes": [
                "sha256:261aec6423a0188968771e532e6ccdbc53bcbd934d349280784210d9ca9ffe76",
                "sha256:fb7125cfa2b31253dcf181d0bf285edd6bb25ffebf61dbd8ba11fadb783609a1"
            ],
            "version": "==1.1.10"
        },
        "urllib3": {
            "hashes": [
                "sha256:753a0374df26658f99d826cfe40394a686d05985786d946fbe4165b5148f5a7c",
                "sha256:a7acd0977125325f516bda9735fa7142b909a8d01e8b2e4c8108d0984e6e0098"
            ],
            "index": "pypi",
            "version": "==1.26.5"
        },
        "websocket-client": {
            "hashes": [
                "sha256:b68e4959d704768fa20e35c9d508c8dc2bbc041fd8d267c0d7345cffe2824568",
                "sha256:e5c333bfa9fa739538b652b6f8c8fc2559f1d364243c8a689d7c0e1d41c2e611"
            ],
            "markers": "python_version >= '3.6'",
            "version": "==1.1.0"
        },
        "whichcraft": {
            "hashes": [
                "sha256:acdbb91b63d6a15efbd6430d1d7b2d36e44a71697e93e19b7ded477afd9fce87",
                "sha256:deda9266fbb22b8c64fd3ee45c050d61139cd87419765f588e37c8d23e236dd9"
            ],
            "version": "==0.6.1"
        }
    },
    "develop": {
        "astroid": {
            "hashes": [
                "sha256:2476b7f0d6cec13f4c1f53b54bea2ce072310ac9fc7acb669d5270190c748042",
                "sha256:f0c8bfebc3da61bde8e3e3df1e879dc16e6d26d6078ddc34813fcb07045782d3"
            ],
            "markers": "python_version ~= '3.6'",
            "version": "==2.5.8"
        },
        "autopep8": {
            "hashes": [
                "sha256:33d2b5325b7e1afb4240814fe982eea3a92ebea712869bfd08b3c0393404248c"
            ],
            "index": "pypi",
            "version": "==1.4.3"
        },
        "isort": {
            "hashes": [
                "sha256:0a943902919f65c5684ac4e0154b1ad4fac6dcaa5d9f3426b732f1c8b5419be6",
                "sha256:2bb1680aad211e3c9944dbce1d4ba09a989f04e238296c87fe2139faa26d655d"
            ],
            "markers": "python_version >= '3.6' and python_version < '4.0'",
            "version": "==5.8.0"
        },
        "lazy-object-proxy": {
            "hashes": [
                "sha256:17e0967ba374fc24141738c69736da90e94419338fd4c7c7bef01ee26b339653",
                "sha256:1fee665d2638491f4d6e55bd483e15ef21f6c8c2095f235fef72601021e64f61",
                "sha256:22ddd618cefe54305df49e4c069fa65715be4ad0e78e8d252a33debf00f6ede2",
                "sha256:24a5045889cc2729033b3e604d496c2b6f588c754f7a62027ad4437a7ecc4837",
                "sha256:410283732af311b51b837894fa2f24f2c0039aa7f220135192b38fcc42bd43d3",
                "sha256:4732c765372bd78a2d6b2150a6e99d00a78ec963375f236979c0626b97ed8e43",
                "sha256:489000d368377571c6f982fba6497f2aa13c6d1facc40660963da62f5c379726",
                "sha256:4f60460e9f1eb632584c9685bccea152f4ac2130e299784dbaf9fae9f49891b3",
                "sha256:5743a5ab42ae40caa8421b320ebf3a998f89c85cdc8376d6b2e00bd12bd1b587",
                "sha256:85fb7608121fd5621cc4377a8961d0b32ccf84a7285b4f1d21988b2eae2868e8",
                "sha256:9698110e36e2df951c7c36b6729e96429c9c32b3331989ef19976592c5f3c77a",
                "sha256:9d397bf41caad3f489e10774667310d73cb9c4258e9aed94b9ec734b34b495fd",
                "sha256:b579f8acbf2bdd9ea200b1d5dea36abd93cabf56cf626ab9c744a432e15c815f",
                "sha256:b865b01a2e7f96db0c5d12cfea590f98d8c5ba64ad222300d93ce6ff9138bcad",
                "sha256:bf34e368e8dd976423396555078def5cfc3039ebc6fc06d1ae2c5a65eebbcde4",
                "sha256:c6938967f8528b3668622a9ed3b31d145fab161a32f5891ea7b84f6b790be05b",
                "sha256:d1c2676e3d840852a2de7c7d5d76407c772927addff8d742b9808fe0afccebdf",
                "sha256:d7124f52f3bd259f510651450e18e0fd081ed82f3c08541dffc7b94b883aa981",
                "sha256:d900d949b707778696fdf01036f58c9876a0d8bfe116e8d220cfd4b15f14e741",
                "sha256:ebfd274dcd5133e0afae738e6d9da4323c3eb021b3e13052d8cbd0e457b1256e",
                "sha256:ed361bb83436f117f9917d282a456f9e5009ea12fd6de8742d1a4752c3017e93",
                "sha256:f5144c75445ae3ca2057faac03fda5a902eff196702b0a24daf1d6ce0650514b"
            ],
            "markers": "python_version >= '2.7' and python_version not in '3.0, 3.1, 3.2, 3.3, 3.4, 3.5'",
            "version": "==1.6.0"
        },
        "mccabe": {
            "hashes": [
                "sha256:ab8a6258860da4b6677da4bd2fe5dc2c659cff31b3ee4f7f5d64e79735b80d42",
                "sha256:dd8d182285a0fe56bace7f45b5e7d1a6ebcbf524e8f3bd87eb0f125271b8831f"
            ],
            "version": "==0.6.1"
        },
        "numpy": {
            "hashes": [
                "sha256:012426a41bc9ab63bb158635aecccc7610e3eff5d31d1eb43bc099debc979d94",
                "sha256:06fab248a088e439402141ea04f0fffb203723148f6ee791e9c75b3e9e82f080",
                "sha256:0eef32ca3132a48e43f6a0f5a82cb508f22ce5a3d6f67a8329c81c8e226d3f6e",
                "sha256:1ded4fce9cfaaf24e7a0ab51b7a87be9038ea1ace7f34b841fe3b6894c721d1c",
                "sha256:2e55195bc1c6b705bfd8ad6f288b38b11b1af32f3c8289d6c50d47f950c12e76",
                "sha256:2ea52bd92ab9f768cc64a4c3ef8f4b2580a17af0a5436f6126b08efbd1838371",
                "sha256:36674959eed6957e61f11c912f71e78857a8d0604171dfd9ce9ad5cbf41c511c",
                "sha256:384ec0463d1c2671170901994aeb6dce126de0a95ccc3976c43b0038a37329c2",
                "sha256:39b70c19ec771805081578cc936bbe95336798b7edf4732ed102e7a43ec5c07a",
                "sha256:400580cbd3cff6ffa6293df2278c75aef2d58d8d93d3c5614cd67981dae68ceb",
                "sha256:43d4c81d5ffdff6bae58d66a3cd7f54a7acd9a0e7b18d97abb255defc09e3140",
                "sha256:50a4a0ad0111cc1b71fa32dedd05fa239f7fb5a43a40663269bb5dc7877cfd28",
                "sha256:603aa0706be710eea8884af807b1b3bc9fb2e49b9f4da439e76000f3b3c6ff0f",
                "sha256:6149a185cece5ee78d1d196938b2a8f9d09f5a5ebfbba66969302a778d5ddd1d",
                "sha256:759e4095edc3c1b3ac031f34d9459fa781777a93ccc633a472a5468587a190ff",
                "sha256:7fb43004bce0ca31d8f13a6eb5e943fa73371381e53f7074ed21a4cb786c32f8",
                "sha256:811daee36a58dc79cf3d8bdd4a490e4277d0e4b7d103a001a4e73ddb48e7e6aa",
                "sha256:8b5e972b43c8fc27d56550b4120fe6257fdc15f9301914380b27f74856299fea",
                "sha256:99abf4f353c3d1a0c7a5f27699482c987cf663b1eac20db59b8c7b061eabd7fc",
                "sha256:a0d53e51a6cb6f0d9082decb7a4cb6dfb33055308c4c44f53103c073f649af73",
                "sha256:a12ff4c8ddfee61f90a1633a4c4afd3f7bcb32b11c52026c92a12e1325922d0d",
                "sha256:a4646724fba402aa7504cd48b4b50e783296b5e10a524c7a6da62e4a8ac9698d",
                "sha256:a76f502430dd98d7546e1ea2250a7360c065a5fdea52b2dffe8ae7180909b6f4",
                "sha256:a9d17f2be3b427fbb2bce61e596cf555d6f8a56c222bd2ca148baeeb5e5c783c",
                "sha256:ab83f24d5c52d60dbc8cd0528759532736b56db58adaa7b5f1f76ad551416a1e",
                "sha256:aeb9ed923be74e659984e321f609b9ba54a48354bfd168d21a2b072ed1e833ea",
                "sha256:c843b3f50d1ab7361ca4f0b3639bf691569493a56808a0b0c54a051d260b7dbd",
                "sha256:cae865b1cae1ec2663d8ea56ef6ff185bad091a5e33ebbadd98de2cfa3fa668f",
                "sha256:cc6bd4fd593cb261332568485e20a0712883cf631f6f5e8e86a52caa8b2b50ff",
                "sha256:cf2402002d3d9f91c8b01e66fbb436a4ed01c6498fffed0e4c7566da1d40ee1e",
                "sha256:d051ec1c64b85ecc69531e1137bb9751c6830772ee5c1c426dbcfe98ef5788d7",
                "sha256:d6631f2e867676b13026e2846180e2c13c1e11289d67da08d71cacb2cd93d4aa",
                "sha256:dbd18bcf4889b720ba13a27ec2f2aac1981bd41203b3a3b27ba7a33f88ae4827",
                "sha256:df609c82f18c5b9f6cb97271f03315ff0dbe481a2a02e56aeb1b1a985ce38e60"
            ],
            "markers": "python_version >= '3.6'",
            "version": "==1.19.5"
        },
        "opencv-python": {
            "hashes": [
                "sha256:01ed8f83c1bc804995120825c729af9926bcc1dedbe85316ba4b5f81ed5e7287",
                "sha256:4d79b43434bef9ccb9921138d00c7f7d5dc8079cffe5d3765287e5b8275e0386",
                "sha256:51b32439bd85dcc3f520ef9de777f2c694b846d1d4344321e7bf090bffa62dc3",
                "sha256:55b8bd89a176cb0819b65d9df65900a6e4e95919579dedc34e10eaaf46c0f6a2",
                "sha256:5b6afc7f74e28c09f78886f0cffa67efc2b46542e439f0a045020a954c69e829",
                "sha256:6f8ec97c537b408d99d2cfbc9e929054e0bdecadda4c224ec2b21e18fcf48a06",
                "sha256:70012caadf2018575f15330bcf1d7659d0231580de5c146178154e420e9bef66",
                "sha256:7066dbceb01bd721515a583cc64485c594293a574d6b0925aca341c2accae520",
                "sha256:81cc092cade08093eeb48f2cdf8c1a1d5e0cc90d197403a721f6935f71d75e61",
                "sha256:8ecf3e50d7c5de510b71f5af33017a99b8bd476fbb70f464f6cc76a81bd2ff60",
                "sha256:97d2d77e0955404cf61d9a62e85bd8718108b11fc5a69d542bd7a7e2eb30990d",
                "sha256:98f12aff879895de6821289d538322d6b6d297ccfb71343056f3443f6d5c8c16",
                "sha256:9acea43d03440e7a0bd9a9ad599394382a529d49ec6995414797645acfc3e629",
                "sha256:a2e1bd69324e6d58b2c6932ca78c2ecb88dec8b2a3d31536e104623cafbc5b89",
                "sha256:a4feed61a55263a3af6bd17338a1712274c9dc775fe765ed706c706ab4a09ceb",
                "sha256:a72224ba58c7704ce8fc260ca65cfe7444d165362179f97d713234adc7f52b0e",
                "sha256:ae6f1aaa64d3b9a82792669e5be04d2544ce8c2e4a71ecfac09e0a4ed7b60908",
                "sha256:bfd358891a882cb08733e7edd1e76ea008520858de60cec185dce26530c0a36f",
                "sha256:c0d515ceb8231fa6565112d8c2490d2007656b7eb0c52d82b81708ac8412e426",
                "sha256:c86b42f12c602f815062f30c8583da702691a67920f5ea7607f1c796e6f153be",
                "sha256:d3c116b9502c657456fac22b3dad3be8701ef92f7ced2822a13121d167263057",
                "sha256:d477594c956dfbe6688323a9a06d5b3c6d3940c4b15bef7ce4f30d25f7837f1a",
                "sha256:d7626191eac985db4fda1db9cafb6428be614dd9ce3b6f5a83fdb93f1086980b",
                "sha256:db5632dfec289e69bddccbc39faf3cf1f5a840ed4ba3c1288ef3e21f68077722",
                "sha256:e50c73547a3e80d986db19b2cad3507bc7a5b4236f0071952aba80e0409c4806",
                "sha256:edbdded658021747a4235f178b91361d17b82031859db20731a963b8dafcab67",
                "sha256:f4afa2fd9d5c2ac25fc023babf6967f07e9143ce4fe73ebdcdc69a580f99b052"
            ],
            "index": "pypi",
            "version": "==4.0.0.21"
        },
        "pycodestyle": {
            "hashes": [
                "sha256:514f76d918fcc0b55c6680472f0a37970994e07bbb80725808c17089be302068",
                "sha256:c389c1d06bf7904078ca03399a4816f974a1d590090fecea0c63ec26ebaf1cef"
            ],
            "markers": "python_version >= '2.7' and python_version not in '3.0, 3.1, 3.2, 3.3'",
            "version": "==2.7.0"
        },
        "pylint": {
            "hashes": [
                "sha256:689de29ae747642ab230c6d37be2b969bf75663176658851f456619aacf27492",
                "sha256:771467c434d0d9f081741fec1d64dfb011ed26e65e12a28fe06ca2f61c4d556c"
            ],
            "index": "pypi",
            "version": "==2.2.2"
        },
        "rope": {
            "hashes": [
                "sha256:a108c445e1cd897fe19272ab7877d172e7faf3d4148c80e7d20faba42ea8f7b2"
            ],
            "index": "pypi",
            "version": "==0.11.0"
        },
        "typed-ast": {
            "hashes": [
                "sha256:01ae5f73431d21eead5015997ab41afa53aa1fbe252f9da060be5dad2c730ace",
                "sha256:067a74454df670dcaa4e59349a2e5c81e567d8d65458d480a5b3dfecec08c5ff",
                "sha256:0fb71b8c643187d7492c1f8352f2c15b4c4af3f6338f21681d3681b3dc31a266",
                "sha256:1b3ead4a96c9101bef08f9f7d1217c096f31667617b58de957f690c92378b528",
                "sha256:2068531575a125b87a41802130fa7e29f26c09a2833fea68d9a40cf33902eba6",
                "sha256:209596a4ec71d990d71d5e0d312ac935d86930e6eecff6ccc7007fe54d703808",
                "sha256:2c726c276d09fc5c414693a2de063f521052d9ea7c240ce553316f70656c84d4",
                "sha256:398e44cd480f4d2b7ee8d98385ca104e35c81525dd98c519acff1b79bdaac363",
                "sha256:52b1eb8c83f178ab787f3a4283f68258525f8d70f778a2f6dd54d3b5e5fb4341",
                "sha256:5feca99c17af94057417d744607b82dd0a664fd5e4ca98061480fd8b14b18d04",
                "sha256:7538e495704e2ccda9b234b82423a4038f324f3a10c43bc088a1636180f11a41",
                "sha256:760ad187b1041a154f0e4d0f6aae3e40fdb51d6de16e5c99aedadd9246450e9e",
                "sha256:777a26c84bea6cd934422ac2e3b78863a37017618b6e5c08f92ef69853e765d3",
                "sha256:95431a26309a21874005845c21118c83991c63ea800dd44843e42a916aec5899",
                "sha256:9ad2c92ec681e02baf81fdfa056fe0d818645efa9af1f1cd5fd6f1bd2bdfd805",
                "sha256:9c6d1a54552b5330bc657b7ef0eae25d00ba7ffe85d9ea8ae6540d2197a3788c",
                "sha256:aee0c1256be6c07bd3e1263ff920c325b59849dc95392a05f258bb9b259cf39c",
                "sha256:af3d4a73793725138d6b334d9d247ce7e5f084d96284ed23f22ee626a7b88e39",
                "sha256:b36b4f3920103a25e1d5d024d155c504080959582b928e91cb608a65c3a49e1a",
                "sha256:b9574c6f03f685070d859e75c7f9eeca02d6933273b5e69572e5ff9d5e3931c3",
                "sha256:bff6ad71c81b3bba8fa35f0f1921fb24ff4476235a6e94a26ada2e54370e6da7",
                "sha256:c190f0899e9f9f8b6b7863debfb739abcb21a5c054f911ca3596d12b8a4c4c7f",
                "sha256:c907f561b1e83e93fad565bac5ba9c22d96a54e7ea0267c708bffe863cbe4075",
                "sha256:cae53c389825d3b46fb37538441f75d6aecc4174f615d048321b716df2757fb0",
                "sha256:dd4a21253f42b8d2b48410cb31fe501d32f8b9fbeb1f55063ad102fe9c425e40",
                "sha256:dde816ca9dac1d9c01dd504ea5967821606f02e510438120091b84e852367428",
                "sha256:f2362f3cb0f3172c42938946dbc5b7843c2a28aec307c49100c8b38764eb6927",
                "sha256:f328adcfebed9f11301eaedfa48e15bdece9b519fb27e6a8c01aa52a17ec31b3",
                "sha256:f8afcf15cc511ada719a88e013cec87c11aff7b91f019295eb4530f96fe5ef2f",
                "sha256:fb1bbeac803adea29cedd70781399c99138358c26d05fcbd23c13016b7f5ec65"
            ],
            "markers": "python_version < '3.8' and implementation_name == 'cpython'",
            "version": "==1.4.3"
        },
        "typing-extensions": {
            "hashes": [
                "sha256:0ac0f89795dd19de6b97debb0c6af1c70987fd80a2d62d1958f7e56fcc31b497",
                "sha256:50b6f157849174217d0656f99dc82fe932884fb250826c18350e159ec6cdf342",
                "sha256:779383f6086d90c99ae41cf0ff39aac8a7937a9283ce0a414e5dd782f4c94a84"
            ],
            "markers": "python_version < '3.8'",
            "version": "==3.10.0.0"
        },
        "wrapt": {
            "hashes": [
                "sha256:b62ffa81fb85f4332a4f609cab4ac40709470da05643a082ec1eb88e6d9b97d7"
            ],
            "version": "==1.12.1"
        }
    }
}
